
Microsoft Visual Studio Solution File, Format Version 12.00
# Visual Studio 14
VisualStudioVersion = 14.0.25420.1
MinimumVisualStudioVersion = 10.0.40219.1
Project("{FAE04EC0-301F-11D3-BF4B-00C04F79EFBC}") = "NEHO.Baseball.API", "NEHO.Baseball.API\NEHO.Baseball.API.csproj", "{BEAD6EFB-1442-42EA-A410-E2B22561E8C5}"
EndProject
Project("{FAE04EC0-301F-11D3-BF4B-00C04F79EFBC}") = "NEHO.Baseball.API.Tests", "NEHO.Baseball.API.Tests\NEHO.Baseball.API.Tests.csproj", "{7E69F3D4-BAEB-4E13-A31F-83C6B722DF93}"
EndProject
Project("{FAE04EC0-301F-11D3-BF4B-00C04F79EFBC}") = "NEHO.Baseball.DTO", "NEHO.Baseball.DTO\NEHO.Baseball.DTO.csproj", "{3213C34E-EF5A-4D94-8E76-B3D8AA40FFCC}"
EndProject
Project("{FAE04EC0-301F-11D3-BF4B-00C04F79EFBC}") = "NEHO.Baseball.Repository", "NEHO.Baseball.Repository\NEHO.Baseball.Repository.csproj", "{00A37977-D1B7-491F-A6EF-16E254FB7D11}"
EndProject
Project("{FAE04EC0-301F-11D3-BF4B-00C04F79EFBC}") = "NEHO.Baseball.WebClient", "NEHO.Baseball.WebClient\NEHO.Baseball.WebClient.csproj", "{6F483DC8-7C28-4F47-9FA6-901D92B9D5B4}"
EndProject
Project("{FAE04EC0-301F-11D3-BF4B-00C04F79EFBC}") = "NEHO.Baseball.Constants", "NEHO.Baseball.Constants\NEHO.Baseball.Constants.csproj", "{42421F07-7EB5-469A-AA50-361DFDE321FA}"
EndProject
Global
	GlobalSection(SolutionConfigurationPlatforms) = preSolution
		Debug|Any CPU = Debug|Any CPU
		Release|Any CPU = Release|Any CPU
	EndGlobalSection
	GlobalSection(ProjectConfigurationPlatforms) = postSolution
		{BEAD6EFB-1442-42EA-A410-E2B22561E8C5}.Debug|Any CPU.ActiveCfg = Debug|Any CPU
		{BEAD6EFB-1442-42EA-A410-E2B22561E8C5}.Debug|Any CPU.Build.0 = Debug|Any CPU
		{BEAD6EFB-1442-42EA-A410-E2B22561E8C5}.Release|Any CPU.ActiveCfg = Release|Any CPU
		{BEAD6EFB-1442-42EA-A410-E2B22561E8C5}.Release|Any CPU.Build.0 = Release|Any CPU
		{7E69F3D4-BAEB-4E13-A31F-83C6B722DF93}.Debug|Any CPU.ActiveCfg = Debug|Any CPU
		{7E69F3D4-BAEB-4E13-A31F-83C6B722DF93}.Debug|Any CPU.Build.0 = Debug|Any CPU
		{7E69F3D4-BAEB-4E13-A31F-83C6B722DF93}.Release|Any CPU.ActiveCfg = Release|Any CPU
		{7E69F3D4-BAEB-4E13-A31F-83C6B722DF93}.Release|Any CPU.Build.0 = Release|Any CPU
		{3213C34E-EF5A-4D94-8E76-B3D8AA40FFCC}.Debug|Any CPU.ActiveCfg = Debug|Any CPU
		{3213C34E-EF5A-4D94-8E76-B3D8AA40FFCC}.Debug|Any CPU.Build.0 = Debug|Any CPU
		{3213C34E-EF5A-4D94-8E76-B3D8AA40FFCC}.Release|Any CPU.ActiveCfg = Release|Any CPU
		{3213C34E-EF5A-4D94-8E76-B3D8AA40FFCC}.Release|Any CPU.Build.0 = Release|Any CPU
		{00A37977-D1B7-491F-A6EF-16E254FB7D11}.Debug|Any CPU.ActiveCfg = Debug|Any CPU
		{00A37977-D1B7-491F-A6EF-16E254FB7D11}.Debug|Any CPU.Build.0 = Debug|Any CPU
		{00A37977-D1B7-491F-A6EF-16E254FB7D11}.Release|Any CPU.ActiveCfg = Release|Any CPU
		{00A37977-D1B7-491F-A6EF-16E254FB7D11}.Release|Any CPU.Build.0 = Release|Any CPU
		{6F483DC8-7C28-4F47-9FA6-901D92B9D5B4}.Debug|Any CPU.ActiveCfg = Debug|Any CPU
		{6F483DC8-7C28-4F47-9FA6-901D92B9D5B4}.Debug|Any CPU.Build.0 = Debug|Any CPU
		{6F483DC8-7C28-4F47-9FA6-901D92B9D5B4}.Release|Any CPU.ActiveCfg = Release|Any CPU
		{6F483DC8-7C28-4F47-9FA6-901D92B9D5B4}.Release|Any CPU.Build.0 = Release|Any CPU
		{42421F07-7EB5-469A-AA50-361DFDE321FA}.Debug|Any CPU.ActiveCfg = Debug|Any CPU
		{42421F07-7EB5-469A-AA50-361DFDE321FA}.Debug|Any CPU.Build.0 = Debug|Any CPU
		{42421F07-7EB5-469A-AA50-361DFDE321FA}.Release|Any CPU.ActiveCfg = Release|Any CPU
		{42421F07-7EB5-469A-AA50-361DFDE321FA}.Release|Any CPU.Build.0 = Release|Any CPU
	EndGlobalSection
	GlobalSection(SolutionProperties) = preSolution
		HideSolutionNode = FALSE
	EndGlobalSection
EndGlobal
